
Microsoft Visual Studio Solution File, Format Version 12.00
# Visual Studio Version 17
VisualStudioVersion = 17.13.35828.75
MinimumVisualStudioVersion = 10.0.40219.1
Project("{FAE04EC0-301F-11D3-BF4B-00C04F79EFBC}") = "MedicineCareBridge.Client", "MedicineCareBridge.Client\MedicineCareBridge.Client.csproj", "{A7578DA9-65A4-4E74-A053-CEC4E634DCA2}"
EndProject
Global
	GlobalSection(SolutionConfigurationPlatforms) = preSolution
		Debug|Any CPU = Debug|Any CPU
		Release|Any CPU = Release|Any CPU
	EndGlobalSection
	GlobalSection(ProjectConfigurationPlatforms) = postSolution
		{A7578DA9-65A4-4E74-A053-CEC4E634DCA2}.Debug|Any CPU.ActiveCfg = Debug|Any CPU
		{A7578DA9-65A4-4E74-A053-CEC4E634DCA2}.Debug|Any CPU.Build.0 = Debug|Any CPU
		{A7578DA9-65A4-4E74-A053-CEC4E634DCA2}.Release|Any CPU.ActiveCfg = Release|Any CPU
		{A7578DA9-65A4-4E74-A053-CEC4E634DCA2}.Release|Any CPU.Build.0 = Release|Any CPU
	EndGlobalSection
	GlobalSection(SolutionProperties) = preSolution
		HideSolutionNode = FALSE
	EndGlobalSection
	GlobalSection(ExtensibilityGlobals) = postSolution
		SolutionGuid = {4154AD13-F746-488F-97C9-CABCA959FBF0}
	EndGlobalSection
EndGlobal
